// !$*UTF8*$!
{
	archiveVersion = 1;
	classes = {
	};
	objectVersion = 56;
	objects = {

/* Begin PBXBuildFile section */
		208B74F52926213F00E98625 /* AppDelegate.swift in Sources */ = {isa = PBXBuildFile; fileRef = 208B74F42926213F00E98625 /* AppDelegate.swift */; };
		208B74F72926213F00E98625 /* SceneDelegate.swift in Sources */ = {isa = PBXBuildFile; fileRef = 208B74F62926213F00E98625 /* SceneDelegate.swift */; };
		208B74F92926213F00E98625 /* HomeVC.swift in Sources */ = {isa = PBXBuildFile; fileRef = 208B74F82926213F00E98625 /* HomeVC.swift */; };
		208B74FC2926213F00E98625 /* Main.storyboard in Resources */ = {isa = PBXBuildFile; fileRef = 208B74FA2926213F00E98625 /* Main.storyboard */; };
		208B74FE2926214100E98625 /* Assets.xcassets in Resources */ = {isa = PBXBuildFile; fileRef = 208B74FD2926214100E98625 /* Assets.xcassets */; };
		208B75012926214100E98625 /* LaunchScreen.storyboard in Resources */ = {isa = PBXBuildFile; fileRef = 208B74FF2926214100E98625 /* LaunchScreen.storyboard */; };
		208B75092926224B00E98625 /* FirstVC.swift in Sources */ = {isa = PBXBuildFile; fileRef = 208B75082926224B00E98625 /* FirstVC.swift */; };
		208B750C2926226500E98625 /* SecondVC.swift in Sources */ = {isa = PBXBuildFile; fileRef = 208B750B2926226500E98625 /* SecondVC.swift */; };
		208B750E2926227700E98625 /* ThirdVC.swift in Sources */ = {isa = PBXBuildFile; fileRef = 208B750D2926227700E98625 /* ThirdVC.swift */; };
/* End PBXBuildFile section */

/* Begin PBXFileReference section */
		208B74F12926213F00E98625 /* SwiftViewPagerImp.app */ = {isa = PBXFileReference; explicitFileType = wrapper.application; includeInIndex = 0; path = SwiftViewPagerImp.app; sourceTree = BUILT_PRODUCTS_DIR; };
		208B74F42926213F00E98625 /* AppDelegate.swift */ = {isa = PBXFileReference; lastKnownFileType = sourcecode.swift; path = AppDelegate.swift; sourceTree = "<group>"; };
		208B74F62926213F00E98625 /* SceneDelegate.swift */ = {isa = PBXFileReference; lastKnownFileType = sourcecode.swift; path = SceneDelegate.swift; sourceTree = "<group>"; };
		208B74F82926213F00E98625 /* HomeVC.swift */ = {isa = PBXFileReference; lastKnownFileType = sourcecode.swift; path = HomeVC.swift; sourceTree = "<group>"; };
		208B74FB2926213F00E98625 /* Base */ = {isa = PBXFileReference; lastKnownFileType = file.storyboard; name = Base; path = Base.lproj/Main.storyboard; sourceTree = "<group>"; };
		208B74FD2926214100E98625 /* Assets.xcassets */ = {isa = PBXFileReference; lastKnownFileType = folder.assetcatalog; path = Assets.xcassets; sourceTree = "<group>"; };
		208B75002926214100E98625 /* Base */ = {isa = PBXFileReference; lastKnownFileType = file.storyboard; name = Base; path = Base.lproj/LaunchScreen.storyboard; sourceTree = "<group>"; };
		208B75022926214100E98625 /* Info.plist */ = {isa = PBXFileReference; lastKnownFileType = text.plist.xml; path = Info.plist; sourceTree = "<group>"; };
		208B75082926224B00E98625 /* FirstVC.swift */ = {isa = PBXFileReference; lastKnownFileType = sourcecode.swift; path = FirstVC.swift; sourceTree = "<group>"; };
		208B750B2926226500E98625 /* SecondVC.swift */ = {isa = PBXFileReference; lastKnownFileType = sourcecode.swift; path = SecondVC.swift; sourceTree = "<group>"; };
		208B750D2926227700E98625 /* ThirdVC.swift */ = {isa = PBXFileReference; lastKnownFileType = sourcecode.swift; path = ThirdVC.swift; sourceTree = "<group>"; };
/* End PBXFileReference section */

/* Begin PBXFrameworksBuildPhase section */
		208B74EE2926213F00E98625 /* Frameworks */ = {
			isa = PBXFrameworksBuildPhase;
			buildActionMask = 2147483647;
			files = (
			);
			runOnlyForDeploymentPostprocessing = 0;
		};
/* End PBXFrameworksBuildPhase section */

/* Begin PBXGroup section */
		208B74E82926213F00E98625 = {
			isa = PBXGroup;
			children = (
				208B74F32926213F00E98625 /* SwiftViewPagerImp */,
				208B74F22926213F00E98625 /* Products */,
			);
			sourceTree = "<group>";
		};
		208B74F22926213F00E98625 /* Products */ = {
			isa = PBXGroup;
			children = (
				208B74F12926213F00E98625 /* SwiftViewPagerImp.app */,
			);
			name = Products;
			sourceTree = "<group>";
		};
		208B74F32926213F00E98625 /* SwiftViewPagerImp */ = {
			isa = PBXGroup;
			children = (
				208B74F42926213F00E98625 /* AppDelegate.swift */,
				208B74F62926213F00E98625 /* SceneDelegate.swift */,
				208B74F82926213F00E98625 /* HomeVC.swift */,
				208B74FA2926213F00E98625 /* Main.storyboard */,
				208B74FD2926214100E98625 /* Assets.xcassets */,
				208B74FF2926214100E98625 /* LaunchScreen.storyboard */,
				208B75022926214100E98625 /* Info.plist */,
				208B75082926224B00E98625 /* FirstVC.swift */,
				208B750B2926226500E98625 /* SecondVC.swift */,
				208B750D2926227700E98625 /* ThirdVC.swift */,
			);
			path = SwiftViewPagerImp;
			sourceTree = "<group>";
		};
/* End PBXGroup section */

/* Begin PBXNativeTarget section */
		208B74F02926213F00E98625 /* SwiftViewPagerImp */ = {
			isa = PBXNativeTarget;
			buildConfigurationList = 208B75052926214100E98625 /* Build configuration list for PBXNativeTarget "SwiftViewPagerImp" */;
			buildPhases = (
				208B74ED2926213F00E98625 /* Sources */,
				208B74EE2926213F00E98625 /* Frameworks */,
				208B74EF2926213F00E98625 /* Resources */,
			);
			buildRules = (
			);
			dependencies = (
			);
			name = SwiftViewPagerImp;
			productName = SwiftViewPagerImp;
			productReference = 208B74F12926213F00E98625 /* SwiftViewPagerImp.app */;
			productType = "com.apple.product-type.application";
		};
/* End PBXNativeTarget section */

/* Begin PBXProject section */
		208B74E92926213F00E98625 /* Project object */ = {
			isa = PBXProject;
			attributes = {
				BuildIndependentTargetsInParallel = 1;
				LastSwiftUpdateCheck = 1410;
				LastUpgradeCheck = 1410;
				TargetAttributes = {
					208B74F02926213F00E98625 = {
						CreatedOnToolsVersion = 14.1;
					};
				};
			};
			buildConfigurationList = 208B74EC2926213F00E98625 /* Build configuration list for PBXProject "SwiftViewPagerImp" */;
			compatibilityVersion = "Xcode 14.0";
			developmentRegion = en;
			hasScannedForEncodings = 0;
			knownRegions = (
				en,
				Base,
			);
			mainGroup = 208B74E82926213F00E98625;
			productRefGroup = 208B74F22926213F00E98625 /* Products */;
			projectDirPath = "";
			projectRoot = "";
			targets = (
				208B74F02926213F00E98625 /* SwiftViewPagerImp */,
			);
		};
/* End PBXProject section */

/* Begin PBXResourcesBuildPhase section */
		208B74EF2926213F00E98625 /* Resources */ = {
			isa = PBXResourcesBuildPhase;
			buildActionMask = 2147483647;
			files = (
				208B75012926214100E98625 /* LaunchScreen.storyboard in Resources */,
				208B74FE2926214100E98625 /* Assets.xcassets in Resources */,
				208B74FC2926213F00E98625 /* Main.storyboard in Resources */,
			);
			runOnlyForDeploymentPostprocessing = 0;
		};
/* End PBXResourcesBuildPhase section */

/* Begin PBXSourcesBuildPhase section */
		208B74ED2926213F00E98625 /* Sources */ = {
			isa = PBXSourcesBuildPhase;
			buildActionMask = 2147483647;
			files = (
				208B750E2926227700E98625 /* ThirdVC.swift in Sources */,
				208B74F92926213F00E98625 /* HomeVC.swift in Sources */,
				208B750C2926226500E98625 /* SecondVC.swift in Sources */,
				208B75092926224B00E98625 /* FirstVC.swift in Sources */,
				208B74F52926213F00E98625 /* AppDelegate.swift in Sources */,
				208B74F72926213F00E98625 /* SceneDelegate.swift in Sources */,
			);
			runOnlyForDeploymentPostprocessing = 0;
		};
/* End PBXSourcesBuildPhase section */

/* Begin PBXVariantGroup section */
		208B74FA2926213F00E98625 /* Main.storyboard */ = {
			isa = PBXVariantGroup;
			children = (
				208B74FB2926213F00E98625 /* Base */,
			);
			name = Main.storyboard;
			sourceTree = "<group>";
		};
		208B74FF2926214100E98625 /* LaunchScreen.storyboard */ = {
			isa = PBXVariantGroup;
			children = (
				208B75002926214100E98625 /* Base */,
			);
			name = LaunchScreen.storyboard;
			sourceTree = "<group>";
		};
/* End PBXVariantGroup section */

/* Begin XCBuildConfiguration section */
		208B75032926214100E98625 /* Debug */ = {
			isa = XCBuildConfiguration;
			buildSettings = {
				ALWAYS_SEARCH_USER_PATHS = NO;
				CLANG_ANALYZER_NONNULL = YES;
				CLANG_ANALYZER_NUMBER_OBJECT_CONVERSION = YES_AGGRESSIVE;
				CLANG_CXX_LANGUAGE_STANDARD = "gnu++20";
				CLANG_ENABLE_MODULES = YES;
				CLANG_ENABLE_OBJC_ARC = YES;
				CLANG_ENABLE_OBJC_WEAK = YES;
				CLANG_WARN_BLOCK_CAPTURE_AUTORELEASING = YES;
				CLANG_WARN_BOOL_CONVERSION = YES;
				CLANG_WARN_COMMA = YES;
				CLANG_WARN_CONSTANT_CONVERSION = YES;
				CLANG_WARN_DEPRECATED_OBJC_IMPLEMENTATIONS = YES;
				CLANG_WARN_DIRECT_OBJC_ISA_USAGE = YES_ERROR;
				CLANG_WARN_DOCUMENTATION_COMMENTS = YES;
				CLANG_WARN_EMPTY_BODY = YES;
				CLANG_WARN_ENUM_CONVERSION = YES;
				CLANG_WARN_INFINITE_RECURSION = YES;
				CLANG_WARN_INT_CONVERSION = YES;
				CLANG_WARN_NON_LITERAL_NULL_CONVERSION = YES;
				CLANG_WARN_OBJC_IMPLICIT_RETAIN_SELF = YES;
				CLANG_WARN_OBJC_LITERAL_CONVERSION = YES;
				CLANG_WARN_OBJC_ROOT_CLASS = YES_ERROR;
				CLANG_WARN_QUOTED_INCLUDE_IN_FRAMEWORK_HEADER = YES;
				CLANG_WARN_RANGE_LOOP_ANALYSIS = YES;
				CLANG_WARN_STRICT_PROTOTYPES = YES;
				CLANG_WARN_SUSPICIOUS_MOVE = YES;
				CLANG_WARN_UNGUARDED_AVAILABILITY = YES_AGGRESSIVE;
				CLANG_WARN_UNREACHABLE_CODE = YES;
				CLANG_WARN__DUPLICATE_METHOD_MATCH = YES;
				COPY_PHASE_STRIP = NO;
				DEBUG_INFORMATION_FORMAT = dwarf;
				ENABLE_STRICT_OBJC_MSGSEND = YES;
				ENABLE_TESTABILITY = YES;
				GCC_C_LANGUAGE_STANDARD = gnu11;
				GCC_DYNAMIC_NO_PIC = NO;
				GCC_NO_COMMON_BLOCKS = YES;
				GCC_OPTIMIZATION_LEVEL = 0;
				GCC_PREPROCESSOR_DEFINITIONS = (
					"DEBUG=1",
					"$(inherited)",
				);
				GCC_WARN_64_TO_32_BIT_CONVERSION = YES;
				GCC_WARN_ABOUT_RETURN_TYPE = YES_ERROR;
				GCC_WARN_UNDECLARED_SELECTOR = YES;
				GCC_WARN_UNINITIALIZED_AUTOS = YES_AGGRESSIVE;
				GCC_WARN_UNUSED_FUNCTION = YES;
				GCC_WARN_UNUSED_VARIABLE = YES;
				IPHONEOS_DEPLOYMENT_TARGET = 16.1;
				MTL_ENABLE_DEBUG_INFO = INCLUDE_SOURCE;
				MTL_FAST_MATH = YES;
				ONLY_ACTIVE_ARCH = YES;
				SDKROOT = iphoneos;
				SWIFT_ACTIVE_COMPILATION_CONDITIONS = DEBUG;
				SWIFT_OPTIMIZATION_LEVEL = "-Onone";
			};
			name = Debug;
		};
		208B75042926214100E98625 /* Release */ = {
			isa = XCBuildConfiguration;
			buildSettings = {
				ALWAYS_SEARCH_USER_PATHS = NO;
				CLANG_ANALYZER_NONNULL = YES;
				CLANG_ANALYZER_NUMBER_OBJECT_CONVERSION = YES_AGGRESSIVE;
				CLANG_CXX_LANGUAGE_STANDARD = "gnu++20";
				CLANG_ENABLE_MODULES = YES;
				CLANG_ENABLE_OBJC_ARC = YES;
				CLANG_ENABLE_OBJC_WEAK = YES;
				CLANG_WARN_BLOCK_CAPTURE_AUTORELEASING = YES;
				CLANG_WARN_BOOL_CONVERSION = YES;
				CLANG_WARN_COMMA = YES;
				CLANG_WARN_CONSTANT_CONVERSION = YES;
				CLANG_WARN_DEPRECATED_OBJC_IMPLEMENTATIONS = YES;
				CLANG_WARN_DIRECT_OBJC_ISA_USAGE = YES_ERROR;
				CLANG_WARN_DOCUMENTATION_COMMENTS = YES;
				CLANG_WARN_EMPTY_BODY = YES;
				CLANG_WARN_ENUM_CONVERSION = YES;
				CLANG_WARN_INFINITE_RECURSION = YES;
				CLANG_WARN_INT_CONVERSION = YES;
				CLANG_WARN_NON_LITERAL_NULL_CONVERSION = YES;
				CLANG_WARN_OBJC_IMPLICIT_RETAIN_SELF = YES;
				CLANG_WARN_OBJC_LITERAL_CONVERSION = YES;
				CLANG_WARN_OBJC_ROOT_CLASS = YES_ERROR;
				CLANG_WARN_QUOTED_INCLUDE_IN_FRAMEWORK_HEADER = YES;
				CLANG_WARN_RANGE_LOOP_ANALYSIS = YES;
				CLANG_WARN_STRICT_PROTOTYPES = YES;
				CLANG_WARN_SUSPICIOUS_MOVE = YES;
				CLANG_WARN_UNGUARDED_AVAILABILITY = YES_AGGRESSIVE;
				CLANG_WARN_UNREACHABLE_CODE = YES;
				CLANG_WARN__DUPLICATE_METHOD_MATCH = YES;
				COPY_PHASE_STRIP = NO;
				DEBUG_INFORMATION_FORMAT = "dwarf-with-dsym";
				ENABLE_NS_ASSERTIONS = NO;
				ENABLE_STRICT_OBJC_MSGSEND = YES;
				GCC_C_LANGUAGE_STANDARD = gnu11;
				GCC_NO_COMMON_BLOCKS = YES;
				GCC_WARN_64_TO_32_BIT_CONVERSION = YES;
				GCC_WARN_ABOUT_RETURN_TYPE = YES_ERROR;
				GCC_WARN_UNDECLARED_SELECTOR = YES;
				GCC_WARN_UNINITIALIZED_AUTOS = YES_AGGRESSIVE;
				GCC_WARN_UNUSED_FUNCTION = YES;
				GCC_WARN_UNUSED_VARIABLE = YES;
				IPHONEOS_DEPLOYMENT_TARGET = 16.1;
				MTL_ENABLE_DEBUG_INFO = NO;
				MTL_FAST_MATH = YES;
				SDKROOT = iphoneos;
				SWIFT_COMPILATION_MODE = wholemodule;
				SWIFT_OPTIMIZATION_LEVEL = "-O";
				VALIDATE_PRODUCT = YES;
			};
			name = Release;
		};
		208B75062926214100E98625 /* Debug */ = {
			isa = XCBuildConfiguration;
			buildSettings = {
				ASSETCATALOG_COMPILER_APPICON_NAME = AppIcon;
				ASSETCATALOG_COMPILER_GLOBAL_ACCENT_COLOR_NAME = AccentColor;
				CODE_SIGN_STYLE = Automatic;
				CURRENT_PROJECT_VERSION = 1;
				DEVELOPMENT_TEAM = FFKH5FAH95;
				GENERATE_INFOPLIST_FILE = YES;
				INFOPLIST_FILE = SwiftViewPagerImp/Info.plist;
				INFOPLIST_KEY_UIApplicationSupportsIndirectInputEvents = YES;
				INFOPLIST_KEY_UILaunchStoryboardName = LaunchScreen;
				INFOPLIST_KEY_UIMainStoryboardFile = Main;
				INFOPLIST_KEY_UISupportedInterfaceOrientations_iPad = "UIInterfaceOrientationPortrait UIInterfaceOrientationPortraitUpsideDown UIInterfaceOrientationLandscapeLeft UIInterfaceOrientationLandscapeRight";
				INFOPLIST_KEY_UISupportedInterfaceOrientations_iPhone = "UIInterfaceOrientationPortrait UIInterfaceOrientationLandscapeLeft UIInterfaceOrientationLandscapeRight";
				LD_RUNPATH_SEARCH_PATHS = (
					"$(inherited)",
					"@executable_path/Frameworks",
				);
				MARKETING_VERSION = 1.0;
				PRODUCT_BUNDLE_IDENTIFIER = us.genusys.SwiftViewPagerImp;
				PRODUCT_NAME = "$(TARGET_NAME)";
				SWIFT_EMIT_LOC_STRINGS = YES;
				SWIFT_VERSION = 5.0;
				TARGETED_DEVICE_FAMILY = "1,2";
			};
			name = Debug;
		};
		208B75072926214100E98625 /* Release */ = {
			isa = XCBuildConfiguration;
			buildSettings = {
				ASSETCATALOG_COMPILER_APPICON_NAME = AppIcon;
				ASSETCATALOG_COMPILER_GLOBAL_ACCENT_COLOR_NAME = AccentColor;
				CODE_SIGN_STYLE = Automatic;
				CURRENT_PROJECT_VERSION = 1;
				DEVELOPMENT_TEAM = FFKH5FAH95;
				GENERATE_INFOPLIST_FILE = YES;
				INFOPLIST_FILE = SwiftViewPagerImp/Info.plist;
				INFOPLIST_KEY_UIApplicationSupportsIndirectInputEvents = YES;
				INFOPLIST_KEY_UILaunchStoryboardName = LaunchScreen;
				INFOPLIST_KEY_UIMainStoryboardFile = Main;
				INFOPLIST_KEY_UISupportedInterfaceOrientations_iPad = "UIInterfaceOrientationPortrait UIInterfaceOrientationPortraitUpsideDown UIInterfaceOrientationLandscapeLeft UIInterfaceOrientationLandscapeRight";
				INFOPLIST_KEY_UISupportedInterfaceOrientations_iPhone = "UIInterfaceOrientationPortrait UIInterfaceOrientationLandscapeLeft UIInterfaceOrientationLandscapeRight";
				LD_RUNPATH_SEARCH_PATHS = (
					"$(inherited)",
					"@executable_path/Frameworks",
				);
				MARKETING_VERSION = 1.0;
				PRODUCT_BUNDLE_IDENTIFIER = us.genusys.SwiftViewPagerImp;
				PRODUCT_NAME = "$(TARGET_NAME)";
				SWIFT_EMIT_LOC_STRINGS = YES;
				SWIFT_VERSION = 5.0;
				TARGETED_DEVICE_FAMILY = "1,2";
			};
			name = Release;
		};
/* End XCBuildConfiguration section */

/* Begin XCConfigurationList section */
		208B74EC2926213F00E98625 /* Build configuration list for PBXProject "SwiftViewPagerImp" */ = {
			isa = XCConfigurationList;
			buildConfigurations = (
				208B75032926214100E98625 /* Debug */,
				208B75042926214100E98625 /* Release */,
			);
			defaultConfigurationIsVisible = 0;
			defaultConfigurationName = Release;
		};
		208B75052926214100E98625 /* Build configuration list for PBXNativeTarget "SwiftViewPagerImp" */ = {
			isa = XCConfigurationList;
			buildConfigurations = (
				208B75062926214100E98625 /* Debug */,
				208B75072926214100E98625 /* Release */,
			);
			defaultConfigurationIsVisible = 0;
			defaultConfigurationName = Release;
		};
/* End XCConfigurationList section */
	};
	rootObject = 208B74E92926213F00E98625 /* Project object */;
}
